
Microsoft Visual Studio Solution File, Format Version 12.00
# Visual Studio Version 17
VisualStudioVersion = 17.8.34205.153
MinimumVisualStudioVersion = 10.0.40219.1
Project("{9A19103F-16F7-4668-BE54-9A1E7A4F7556}") = "Kingmaker.Engine", "Kingmaker.Engine\Kingmaker.Engine.csproj", "{18A81ACF-8DCD-42BF-A078-8ABCDF27C6C3}"
EndProject
Project("{9A19103F-16F7-4668-BE54-9A1E7A4F7556}") = "Tests", "Tests\Tests.csproj", "{22B8D5DB-DFF8-44EA-9CA8-574629477782}"
EndProject
Project("{FAE04EC0-301F-11D3-BF4B-00C04F79EFBC}") = "Kingmaker.Desktop", "Kingmaker.Desktop\Kingmaker.Desktop.csproj", "{551D316A-AA3F-41F2-8282-070699FE6BEA}"
EndProject
Global
	GlobalSection(SolutionConfigurationPlatforms) = preSolution
		Debug|Any CPU = Debug|Any CPU
		Release|Any CPU = Release|Any CPU
	EndGlobalSection
	GlobalSection(ProjectConfigurationPlatforms) = postSolution
		{18A81ACF-8DCD-42BF-A078-8ABCDF27C6C3}.Debug|Any CPU.ActiveCfg = Debug|Any CPU
		{18A81ACF-8DCD-42BF-A078-8ABCDF27C6C3}.Debug|Any CPU.Build.0 = Debug|Any CPU
		{18A81ACF-8DCD-42BF-A078-8ABCDF27C6C3}.Release|Any CPU.ActiveCfg = Release|Any CPU
		{18A81ACF-8DCD-42BF-A078-8ABCDF27C6C3}.Release|Any CPU.Build.0 = Release|Any CPU
		{22B8D5DB-DFF8-44EA-9CA8-574629477782}.Debug|Any CPU.ActiveCfg = Debug|Any CPU
		{22B8D5DB-DFF8-44EA-9CA8-574629477782}.Debug|Any CPU.Build.0 = Debug|Any CPU
		{22B8D5DB-DFF8-44EA-9CA8-574629477782}.Release|Any CPU.ActiveCfg = Release|Any CPU
		{22B8D5DB-DFF8-44EA-9CA8-574629477782}.Release|Any CPU.Build.0 = Release|Any CPU
		{551D316A-AA3F-41F2-8282-070699FE6BEA}.Debug|Any CPU.ActiveCfg = Debug|Any CPU
		{551D316A-AA3F-41F2-8282-070699FE6BEA}.Debug|Any CPU.Build.0 = Debug|Any CPU
		{551D316A-AA3F-41F2-8282-070699FE6BEA}.Release|Any CPU.ActiveCfg = Release|Any CPU
		{551D316A-AA3F-41F2-8282-070699FE6BEA}.Release|Any CPU.Build.0 = Release|Any CPU
	EndGlobalSection
	GlobalSection(SolutionProperties) = preSolution
		HideSolutionNode = FALSE
	EndGlobalSection
	GlobalSection(ExtensibilityGlobals) = postSolution
		SolutionGuid = {A498D9EF-AAF7-4AC8-B7A0-51CB4F6CAD13}
	EndGlobalSection
EndGlobal
